
Microsoft Visual Studio Solution File, Format Version 12.00
# Visual Studio Version 17
VisualStudioVersion = 17.12.35707.178
MinimumVisualStudioVersion = 10.0.40219.1
Project("{FAE04EC0-301F-11D3-BF4B-00C04F79EFBC}") = "H_Chat_Server", "H_Chat\H_Chat_Server.csproj", "{3C9E4245-3C33-47C0-AE98-8A57197A38FB}"
EndProject
Project("{FAE04EC0-301F-11D3-BF4B-00C04F79EFBC}") = "H_Chat_Client", "H_Chat_Client\H_Chat_Client.csproj", "{2CB7772B-B1B8-475A-9654-F1A5CA450A65}"
EndProject
Project("{FAE04EC0-301F-11D3-BF4B-00C04F79EFBC}") = "ChatHandler", "ChatHandler\ChatHandler.csproj", "{05463F26-D74E-40A1-9648-55004F0340B5}"
EndProject
Global
	GlobalSection(SolutionConfigurationPlatforms) = preSolution
		Debug|Any CPU = Debug|Any CPU
		Release|Any CPU = Release|Any CPU
	EndGlobalSection
	GlobalSection(ProjectConfigurationPlatforms) = postSolution
		{3C9E4245-3C33-47C0-AE98-8A57197A38FB}.Debug|Any CPU.ActiveCfg = Debug|Any CPU
		{3C9E4245-3C33-47C0-AE98-8A57197A38FB}.Debug|Any CPU.Build.0 = Debug|Any CPU
		{3C9E4245-3C33-47C0-AE98-8A57197A38FB}.Release|Any CPU.ActiveCfg = Release|Any CPU
		{3C9E4245-3C33-47C0-AE98-8A57197A38FB}.Release|Any CPU.Build.0 = Release|Any CPU
		{2CB7772B-B1B8-475A-9654-F1A5CA450A65}.Debug|Any CPU.ActiveCfg = Debug|Any CPU
		{2CB7772B-B1B8-475A-9654-F1A5CA450A65}.Debug|Any CPU.Build.0 = Debug|Any CPU
		{2CB7772B-B1B8-475A-9654-F1A5CA450A65}.Release|Any CPU.ActiveCfg = Release|Any CPU
		{2CB7772B-B1B8-475A-9654-F1A5CA450A65}.Release|Any CPU.Build.0 = Release|Any CPU
		{05463F26-D74E-40A1-9648-55004F0340B5}.Debug|Any CPU.ActiveCfg = Debug|Any CPU
		{05463F26-D74E-40A1-9648-55004F0340B5}.Debug|Any CPU.Build.0 = Debug|Any CPU
		{05463F26-D74E-40A1-9648-55004F0340B5}.Release|Any CPU.ActiveCfg = Release|Any CPU
		{05463F26-D74E-40A1-9648-55004F0340B5}.Release|Any CPU.Build.0 = Release|Any CPU
	EndGlobalSection
	GlobalSection(SolutionProperties) = preSolution
		HideSolutionNode = FALSE
	EndGlobalSection
EndGlobal
